// !$*UTF8*$!
{
	archiveVersion = 1;
	classes = {
	};
	objectVersion = 56;
	objects = {

/* Begin PBXBuildFile section */
		BF02B679298A96E400F5234E /* BorderCalcView.swift in Sources */ = {isa = PBXBuildFile; fileRef = BF02B678298A96E400F5234E /* BorderCalcView.swift */; };
		BF02B67D298AC26300F5234E /* SongRandomizerView.swift in Sources */ = {isa = PBXBuildFile; fileRef = BF02B67C298AC26300F5234E /* SongRandomizerView.swift */; };
		BF068F722991856F008665E3 /* NetworkExtension.framework in Frameworks */ = {isa = PBXBuildFile; fileRef = BF068F712991856F008665E3 /* NetworkExtension.framework */; };
		BF068F752991856F008665E3 /* UpdaterTunnelProvider.swift in Sources */ = {isa = PBXBuildFile; fileRef = BF068F742991856F008665E3 /* UpdaterTunnelProvider.swift */; };
		BF068F7A2991856F008665E3 /* updater.appex in Embed Foundation Extensions */ = {isa = PBXBuildFile; fileRef = BF068F6F2991856F008665E3 /* updater.appex */; settings = {ATTRIBUTES = (RemoveHeadersOnCopy, ); }; };
		BF0A0BA1298C2D8A008F9700 /* SongCoverView.swift in Sources */ = {isa = PBXBuildFile; fileRef = BF0A0BA0298C2D8A008F9700 /* SongCoverView.swift */; };
		BF0A0BA9298C3E97008F9700 /* songListScreen.png in Resources */ = {isa = PBXBuildFile; fileRef = BF0A0BA4298C3E92008F9700 /* songListScreen.png */; };
		BF0A0BAA298C3E97008F9700 /* randomScreen.png in Resources */ = {isa = PBXBuildFile; fileRef = BF0A0BA5298C3E93008F9700 /* randomScreen.png */; };
		BF0A0BAB298C3E97008F9700 /* homeScreen.png in Resources */ = {isa = PBXBuildFile; fileRef = BF0A0BA6298C3E93008F9700 /* homeScreen.png */; };
		BF0A0BAC298C3E97008F9700 /* detailScreen.png in Resources */ = {isa = PBXBuildFile; fileRef = BF0A0BA7298C3E94008F9700 /* detailScreen.png */; };
		BF0A0BAD298C3E97008F9700 /* searchScreen.png in Resources */ = {isa = PBXBuildFile; fileRef = BF0A0BA8298C3E95008F9700 /* searchScreen.png */; };
		BF0A0BAF298C444D008F9700 /* .gitignore in Resources */ = {isa = PBXBuildFile; fileRef = BF0A0BAE298C444D008F9700 /* .gitignore */; };
		BF0CFD5E297B25E1003763E2 /* ChartIdConverter.swift in Sources */ = {isa = PBXBuildFile; fileRef = BF0CFD5D297B25E1003763E2 /* ChartIdConverter.swift */; };
		BF0CFD61297B26E5003763E2 /* IdMap.json in Resources */ = {isa = PBXBuildFile; fileRef = BF0CFD60297B26E5003763E2 /* IdMap.json */; };
		BF0D912C296C341F005DC8A3 /* SettingsView.swift in Sources */ = {isa = PBXBuildFile; fileRef = BF0D912B296C341F005DC8A3 /* SettingsView.swift */; };
		BF0D912E296C4B7F005DC8A3 /* ChunithmDetailView.swift in Sources */ = {isa = PBXBuildFile; fileRef = BF0D912D296C4B7F005DC8A3 /* ChunithmDetailView.swift */; };
		BF31BCD429918AA300C3AA5D /* ProxyServer.swift in Sources */ = {isa = PBXBuildFile; fileRef = BF31BCD329918AA300C3AA5D /* ProxyServer.swift */; };
		BF31BCDF2991906700C3AA5D /* NIO in Frameworks */ = {isa = PBXBuildFile; productRef = BF31BCDE2991906700C3AA5D /* NIO */; };
		BF31BCE2299190CA00C3AA5D /* NIOTransportServices in Frameworks */ = {isa = PBXBuildFile; productRef = BF31BCE1299190CA00C3AA5D /* NIOTransportServices */; };
		BF31BCE4299190D100C3AA5D /* NIO in Frameworks */ = {isa = PBXBuildFile; productRef = BF31BCE3299190D100C3AA5D /* NIO */; };
		BF31BCE6299190D500C3AA5D /* NIOTransportServices in Frameworks */ = {isa = PBXBuildFile; productRef = BF31BCE5299190D500C3AA5D /* NIOTransportServices */; };
		BF31BCE8299192D000C3AA5D /* ChunithmNetHandler.swift in Sources */ = {isa = PBXBuildFile; fileRef = BF31BCE7299192CF00C3AA5D /* ChunithmNetHandler.swift */; };
		BF31BCEA29919B2600C3AA5D /* NIOHTTP1 in Frameworks */ = {isa = PBXBuildFile; productRef = BF31BCE929919B2600C3AA5D /* NIOHTTP1 */; };
		BF38089E298916F7008FF936 /* TextInfoView.swift in Sources */ = {isa = PBXBuildFile; fileRef = BF38089D298916F7008FF936 /* TextInfoView.swift */; };
		BF4886A6298D841300D7F7D2 /* MaimaiDetailView.swift in Sources */ = {isa = PBXBuildFile; fileRef = BF4886A5298D841300D7F7D2 /* MaimaiDetailView.swift */; };
		BF4886A8298DA4BB00D7F7D2 /* MaimaiMiniView.swift in Sources */ = {isa = PBXBuildFile; fileRef = BF4886A7298DA4BB00D7F7D2 /* MaimaiMiniView.swift */; };
		BF55004D29818D9D004072A0 /* B30View.swift in Sources */ = {isa = PBXBuildFile; fileRef = BF55004C29818D9D004072A0 /* B30View.swift */; };
		BF56C6F92992C72F0075BEF9 /* UpdaterWelcomeView.swift in Sources */ = {isa = PBXBuildFile; fileRef = BF56C6F82992C72F0075BEF9 /* UpdaterWelcomeView.swift */; };
		BF56C6FB2992C9280075BEF9 /* UpdaterMainView.swift in Sources */ = {isa = PBXBuildFile; fileRef = BF56C6FA2992C9280075BEF9 /* UpdaterMainView.swift */; };
		BF56C6FE2992E60E0075BEF9 /* ConnectHandler.swift in Sources */ = {isa = PBXBuildFile; fileRef = BF56C6FD2992E60E0075BEF9 /* ConnectHandler.swift */; };
		BF670DE529781B0100EA2CBB /* ChunithmMiniView.swift in Sources */ = {isa = PBXBuildFile; fileRef = BF670DE429781B0100EA2CBB /* ChunithmMiniView.swift */; };
		BF6EB980298A429B003A5604 /* FilterPanelView.swift in Sources */ = {isa = PBXBuildFile; fileRef = BF6EB97F298A429B003A5604 /* FilterPanelView.swift */; };
		BF7BC69B297C3365003A67B0 /* DataTool.swift in Sources */ = {isa = PBXBuildFile; fileRef = BF7BC69A297C3365003A67B0 /* DataTool.swift */; };
		BF7BC69D297C482C003A67B0 /* SongViewModifier.swift in Sources */ = {isa = PBXBuildFile; fileRef = BF7BC69C297C482C003A67B0 /* SongViewModifier.swift */; };
		BF7E2518296AA89500169B57 /* ChunithmHomeView.swift in Sources */ = {isa = PBXBuildFile; fileRef = BF7E2517296AA89500169B57 /* ChunithmHomeView.swift */; };
		BF7E251C296AA9DC00169B57 /* ChunithmListView.swift in Sources */ = {isa = PBXBuildFile; fileRef = BF7E251B296AA9DC00169B57 /* ChunithmListView.swift */; };
		BF7E251F296AAACE00169B57 /* ChunithmSongData.swift in Sources */ = {isa = PBXBuildFile; fileRef = BF7E251E296AAACE00169B57 /* ChunithmSongData.swift */; };
		BF7E2522296AAD1A00169B57 /* ChunithmDataGrabber.swift in Sources */ = {isa = PBXBuildFile; fileRef = BF7E2521296AAD1A00169B57 /* ChunithmDataGrabber.swift */; };
		BF9CEFB82992C00700658724 /* UpdaterRouterView.swift in Sources */ = {isa = PBXBuildFile; fileRef = BF9CEFB72992C00700658724 /* UpdaterRouterView.swift */; };
		BF9CEFBA2992C03500658724 /* TunnelManagerService.swift in Sources */ = {isa = PBXBuildFile; fileRef = BF9CEFB92992C03500658724 /* TunnelManagerService.swift */; };
		BFA70A7729936F6F006BD7CC /* GlueHandler.swift in Sources */ = {isa = PBXBuildFile; fileRef = BFA70A7629936F6F006BD7CC /* GlueHandler.swift */; };
		BFAF5E8E296F25F100A0B771 /* CachedAsyncImage in Frameworks */ = {isa = PBXBuildFile; productRef = BFAF5E8D296F25F100A0B771 /* CachedAsyncImage */; };
		BFB3A29C298F7BAD00C8C3BF /* LevelBlockView.swift in Sources */ = {isa = PBXBuildFile; fileRef = BFB3A29B298F7BAD00C8C3BF /* LevelBlockView.swift */; };
		BFBC54F1298CE32A00A93918 /* MaimaiHomeView.swift in Sources */ = {isa = PBXBuildFile; fileRef = BFBC54F0298CE32A00A93918 /* MaimaiHomeView.swift */; };
		BFBC54F3298CE5F300A93918 /* MaimaiDataGrabber.swift in Sources */ = {isa = PBXBuildFile; fileRef = BFBC54F2298CE5F300A93918 /* MaimaiDataGrabber.swift */; };
		BFBC54FD298CEB2D00A93918 /* MaimaiPlayerProfile.swift in Sources */ = {isa = PBXBuildFile; fileRef = BFBC54FC298CEB2D00A93918 /* MaimaiPlayerProfile.swift */; };
		BFBC54FF298CEB4000A93918 /* MaimaiPlayerRecord.swift in Sources */ = {isa = PBXBuildFile; fileRef = BFBC54FE298CEB4000A93918 /* MaimaiPlayerRecord.swift */; };
		BFBC5501298CEB4C00A93918 /* MaimaiSongData.swift in Sources */ = {isa = PBXBuildFile; fileRef = BFBC5500298CEB4C00A93918 /* MaimaiSongData.swift */; };
		BFBC5503298CEB5700A93918 /* MaimaiChartStat.swift in Sources */ = {isa = PBXBuildFile; fileRef = BFBC5502298CEB5700A93918 /* MaimaiChartStat.swift */; };
		BFBC5505298D005900A93918 /* SongBasicView.swift in Sources */ = {isa = PBXBuildFile; fileRef = BFBC5504298D005900A93918 /* SongBasicView.swift */; };
		BFBC5507298D078000A93918 /* MaimaiListView.swift in Sources */ = {isa = PBXBuildFile; fileRef = BFBC5506298D078000A93918 /* MaimaiListView.swift */; };
		BFCA383229770851008E30F1 /* CFQError.swift in Sources */ = {isa = PBXBuildFile; fileRef = BFCA383129770851008E30F1 /* CFQError.swift */; };
		BFEB5AE9298937E8005646AA /* ChunithmUserData.swift in Sources */ = {isa = PBXBuildFile; fileRef = BFEB5AE8298937E8005646AA /* ChunithmUserData.swift */; };
		BFEB5AEB29897E1C005646AA /* ChunithmUserScoreData.swift in Sources */ = {isa = PBXBuildFile; fileRef = BFEB5AEA29897E1C005646AA /* ChunithmUserScoreData.swift */; };
		BFECEC6C297D286A00D2F383 /* ChartImageGrabber.swift in Sources */ = {isa = PBXBuildFile; fileRef = BFECEC6B297D286A00D2F383 /* ChartImageGrabber.swift */; };
		BFECEC73297D37E600D2F383 /* SongChartView.swift in Sources */ = {isa = PBXBuildFile; fileRef = BFECEC72297D37E600D2F383 /* SongChartView.swift */; };
		BFEF7EDE298A856E00F87ACC /* ToolView.swift in Sources */ = {isa = PBXBuildFile; fileRef = BFEF7EDD298A856E00F87ACC /* ToolView.swift */; };
		BFF353C129681F8D001392E5 /* chafenqiApp.swift in Sources */ = {isa = PBXBuildFile; fileRef = BFF353C029681F8D001392E5 /* chafenqiApp.swift */; };
		BFF353C329681F8D001392E5 /* MainView.swift in Sources */ = {isa = PBXBuildFile; fileRef = BFF353C229681F8D001392E5 /* MainView.swift */; };
		BFF353C529681F8E001392E5 /* Assets.xcassets in Resources */ = {isa = PBXBuildFile; fileRef = BFF353C429681F8E001392E5 /* Assets.xcassets */; };
		BFF353C829681F8E001392E5 /* Preview Assets.xcassets in Resources */ = {isa = PBXBuildFile; fileRef = BFF353C729681F8E001392E5 /* Preview Assets.xcassets */; };
		BFF353D229681F8E001392E5 /* chafenqiTests.swift in Sources */ = {isa = PBXBuildFile; fileRef = BFF353D129681F8E001392E5 /* chafenqiTests.swift */; };
		BFF353DC29681F8E001392E5 /* chafenqiUITests.swift in Sources */ = {isa = PBXBuildFile; fileRef = BFF353DB29681F8E001392E5 /* chafenqiUITests.swift */; };
		BFF353DE29681F8E001392E5 /* chafenqiUITestsLaunchTests.swift in Sources */ = {isa = PBXBuildFile; fileRef = BFF353DD29681F8E001392E5 /* chafenqiUITestsLaunchTests.swift */; };
		BFF353F32968533B001392E5 /* CutCircularProgressView.swift in Sources */ = {isa = PBXBuildFile; fileRef = BFF353F22968533B001392E5 /* CutCircularProgressView.swift */; };
/* End PBXBuildFile section */

/* Begin PBXContainerItemProxy section */
		BF068F782991856F008665E3 /* PBXContainerItemProxy */ = {
			isa = PBXContainerItemProxy;
			containerPortal = BFF353B529681F8D001392E5 /* Project object */;
			proxyType = 1;
			remoteGlobalIDString = BF068F6E2991856F008665E3;
			remoteInfo = updater;
		};
		BFF353CE29681F8E001392E5 /* PBXContainerItemProxy */ = {
			isa = PBXContainerItemProxy;
			containerPortal = BFF353B529681F8D001392E5 /* Project object */;
			proxyType = 1;
			remoteGlobalIDString = BFF353BC29681F8D001392E5;
			remoteInfo = chafenqi;
		};
		BFF353D829681F8E001392E5 /* PBXContainerItemProxy */ = {
			isa = PBXContainerItemProxy;
			containerPortal = BFF353B529681F8D001392E5 /* Project object */;
			proxyType = 1;
			remoteGlobalIDString = BFF353BC29681F8D001392E5;
			remoteInfo = chafenqi;
		};
/* End PBXContainerItemProxy section */

/* Begin PBXCopyFilesBuildPhase section */
		BF068F7E2991856F008665E3 /* Embed Foundation Extensions */ = {
			isa = PBXCopyFilesBuildPhase;
			buildActionMask = 2147483647;
			dstPath = "";
			dstSubfolderSpec = 13;
			files = (
				BF068F7A2991856F008665E3 /* updater.appex in Embed Foundation Extensions */,
			);
			name = "Embed Foundation Extensions";
			runOnlyForDeploymentPostprocessing = 0;
		};
/* End PBXCopyFilesBuildPhase section */

/* Begin PBXFileReference section */
		BF02B678298A96E400F5234E /* BorderCalcView.swift */ = {isa = PBXFileReference; lastKnownFileType = sourcecode.swift; path = BorderCalcView.swift; sourceTree = "<group>"; };
		BF02B67C298AC26300F5234E /* SongRandomizerView.swift */ = {isa = PBXFileReference; lastKnownFileType = sourcecode.swift; path = SongRandomizerView.swift; sourceTree = "<group>"; };
		BF068F6A2991855D008665E3 /* chafenqi.entitlements */ = {isa = PBXFileReference; lastKnownFileType = text.plist.entitlements; path = chafenqi.entitlements; sourceTree = "<group>"; };
		BF068F6F2991856F008665E3 /* updater.appex */ = {isa = PBXFileReference; explicitFileType = "wrapper.app-extension"; includeInIndex = 0; path = updater.appex; sourceTree = BUILT_PRODUCTS_DIR; };
		BF068F712991856F008665E3 /* NetworkExtension.framework */ = {isa = PBXFileReference; lastKnownFileType = wrapper.framework; name = NetworkExtension.framework; path = System/Library/Frameworks/NetworkExtension.framework; sourceTree = SDKROOT; };
		BF068F742991856F008665E3 /* UpdaterTunnelProvider.swift */ = {isa = PBXFileReference; lastKnownFileType = sourcecode.swift; path = UpdaterTunnelProvider.swift; sourceTree = "<group>"; };
		BF068F762991856F008665E3 /* Info.plist */ = {isa = PBXFileReference; lastKnownFileType = text.plist.xml; path = Info.plist; sourceTree = "<group>"; };
		BF068F772991856F008665E3 /* updater.entitlements */ = {isa = PBXFileReference; lastKnownFileType = text.plist.entitlements; path = updater.entitlements; sourceTree = "<group>"; };
		BF0A0BA0298C2D8A008F9700 /* SongCoverView.swift */ = {isa = PBXFileReference; lastKnownFileType = sourcecode.swift; path = SongCoverView.swift; sourceTree = "<group>"; };
		BF0A0BA2298C372F008F9700 /* Info.plist */ = {isa = PBXFileReference; lastKnownFileType = text.plist; path = Info.plist; sourceTree = "<group>"; };
		BF0A0BA4298C3E92008F9700 /* songListScreen.png */ = {isa = PBXFileReference; lastKnownFileType = image.png; path = songListScreen.png; sourceTree = "<group>"; };
		BF0A0BA5298C3E93008F9700 /* randomScreen.png */ = {isa = PBXFileReference; lastKnownFileType = image.png; path = randomScreen.png; sourceTree = "<group>"; };
		BF0A0BA6298C3E93008F9700 /* homeScreen.png */ = {isa = PBXFileReference; lastKnownFileType = image.png; path = homeScreen.png; sourceTree = "<group>"; };
		BF0A0BA7298C3E94008F9700 /* detailScreen.png */ = {isa = PBXFileReference; lastKnownFileType = image.png; path = detailScreen.png; sourceTree = "<group>"; };
		BF0A0BA8298C3E95008F9700 /* searchScreen.png */ = {isa = PBXFileReference; lastKnownFileType = image.png; path = searchScreen.png; sourceTree = "<group>"; };
		BF0A0BAE298C444D008F9700 /* .gitignore */ = {isa = PBXFileReference; lastKnownFileType = text; path = .gitignore; sourceTree = "<group>"; };
		BF0CFD5D297B25E1003763E2 /* ChartIdConverter.swift */ = {isa = PBXFileReference; fileEncoding = 4; lastKnownFileType = sourcecode.swift; path = ChartIdConverter.swift; sourceTree = "<group>"; };
		BF0CFD60297B26E5003763E2 /* IdMap.json */ = {isa = PBXFileReference; fileEncoding = 4; lastKnownFileType = text.json; path = IdMap.json; sourceTree = "<group>"; };
		BF0D912B296C341F005DC8A3 /* SettingsView.swift */ = {isa = PBXFileReference; lastKnownFileType = sourcecode.swift; path = SettingsView.swift; sourceTree = "<group>"; };
		BF0D912D296C4B7F005DC8A3 /* ChunithmDetailView.swift */ = {isa = PBXFileReference; lastKnownFileType = sourcecode.swift; path = ChunithmDetailView.swift; sourceTree = "<group>"; };
		BF31BCD329918AA300C3AA5D /* ProxyServer.swift */ = {isa = PBXFileReference; lastKnownFileType = sourcecode.swift; path = ProxyServer.swift; sourceTree = "<group>"; };
		BF31BCE7299192CF00C3AA5D /* ChunithmNetHandler.swift */ = {isa = PBXFileReference; lastKnownFileType = sourcecode.swift; path = ChunithmNetHandler.swift; sourceTree = "<group>"; };
		BF38089D298916F7008FF936 /* TextInfoView.swift */ = {isa = PBXFileReference; lastKnownFileType = sourcecode.swift; path = TextInfoView.swift; sourceTree = "<group>"; };
		BF4886A5298D841300D7F7D2 /* MaimaiDetailView.swift */ = {isa = PBXFileReference; lastKnownFileType = sourcecode.swift; path = MaimaiDetailView.swift; sourceTree = "<group>"; };
		BF4886A7298DA4BB00D7F7D2 /* MaimaiMiniView.swift */ = {isa = PBXFileReference; lastKnownFileType = sourcecode.swift; path = MaimaiMiniView.swift; sourceTree = "<group>"; };
		BF55004C29818D9D004072A0 /* B30View.swift */ = {isa = PBXFileReference; lastKnownFileType = sourcecode.swift; path = B30View.swift; sourceTree = "<group>"; };
		BF56C6F82992C72F0075BEF9 /* UpdaterWelcomeView.swift */ = {isa = PBXFileReference; lastKnownFileType = sourcecode.swift; path = UpdaterWelcomeView.swift; sourceTree = "<group>"; };
		BF56C6FA2992C9280075BEF9 /* UpdaterMainView.swift */ = {isa = PBXFileReference; lastKnownFileType = sourcecode.swift; path = UpdaterMainView.swift; sourceTree = "<group>"; };
		BF56C6FD2992E60E0075BEF9 /* ConnectHandler.swift */ = {isa = PBXFileReference; lastKnownFileType = sourcecode.swift; path = ConnectHandler.swift; sourceTree = "<group>"; };
		BF670DE429781B0100EA2CBB /* ChunithmMiniView.swift */ = {isa = PBXFileReference; lastKnownFileType = sourcecode.swift; path = ChunithmMiniView.swift; sourceTree = "<group>"; };
		BF6EB97F298A429B003A5604 /* FilterPanelView.swift */ = {isa = PBXFileReference; lastKnownFileType = sourcecode.swift; path = FilterPanelView.swift; sourceTree = "<group>"; };
		BF7BC69A297C3365003A67B0 /* DataTool.swift */ = {isa = PBXFileReference; lastKnownFileType = sourcecode.swift; path = DataTool.swift; sourceTree = "<group>"; };
		BF7BC69C297C482C003A67B0 /* SongViewModifier.swift */ = {isa = PBXFileReference; lastKnownFileType = sourcecode.swift; path = SongViewModifier.swift; sourceTree = "<group>"; };
		BF7E2517296AA89500169B57 /* ChunithmHomeView.swift */ = {isa = PBXFileReference; lastKnownFileType = sourcecode.swift; path = ChunithmHomeView.swift; sourceTree = "<group>"; };
		BF7E251B296AA9DC00169B57 /* ChunithmListView.swift */ = {isa = PBXFileReference; lastKnownFileType = sourcecode.swift; path = ChunithmListView.swift; sourceTree = "<group>"; };
		BF7E251E296AAACE00169B57 /* ChunithmSongData.swift */ = {isa = PBXFileReference; lastKnownFileType = sourcecode.swift; path = ChunithmSongData.swift; sourceTree = "<group>"; };
		BF7E2521296AAD1A00169B57 /* ChunithmDataGrabber.swift */ = {isa = PBXFileReference; lastKnownFileType = sourcecode.swift; path = ChunithmDataGrabber.swift; sourceTree = "<group>"; };
		BF9CEFB72992C00700658724 /* UpdaterRouterView.swift */ = {isa = PBXFileReference; lastKnownFileType = sourcecode.swift; path = UpdaterRouterView.swift; sourceTree = "<group>"; };
		BF9CEFB92992C03500658724 /* TunnelManagerService.swift */ = {isa = PBXFileReference; lastKnownFileType = sourcecode.swift; path = TunnelManagerService.swift; sourceTree = "<group>"; };
		BFA70A7629936F6F006BD7CC /* GlueHandler.swift */ = {isa = PBXFileReference; lastKnownFileType = sourcecode.swift; path = GlueHandler.swift; sourceTree = "<group>"; };
		BFB3A29B298F7BAD00C8C3BF /* LevelBlockView.swift */ = {isa = PBXFileReference; lastKnownFileType = sourcecode.swift; path = LevelBlockView.swift; sourceTree = "<group>"; };
		BFBC54F0298CE32A00A93918 /* MaimaiHomeView.swift */ = {isa = PBXFileReference; lastKnownFileType = sourcecode.swift; path = MaimaiHomeView.swift; sourceTree = "<group>"; };
		BFBC54F2298CE5F300A93918 /* MaimaiDataGrabber.swift */ = {isa = PBXFileReference; lastKnownFileType = sourcecode.swift; path = MaimaiDataGrabber.swift; sourceTree = "<group>"; };
		BFBC54FC298CEB2D00A93918 /* MaimaiPlayerProfile.swift */ = {isa = PBXFileReference; lastKnownFileType = sourcecode.swift; path = MaimaiPlayerProfile.swift; sourceTree = "<group>"; };
		BFBC54FE298CEB4000A93918 /* MaimaiPlayerRecord.swift */ = {isa = PBXFileReference; lastKnownFileType = sourcecode.swift; path = MaimaiPlayerRecord.swift; sourceTree = "<group>"; };
		BFBC5500298CEB4C00A93918 /* MaimaiSongData.swift */ = {isa = PBXFileReference; lastKnownFileType = sourcecode.swift; path = MaimaiSongData.swift; sourceTree = "<group>"; };
		BFBC5502298CEB5700A93918 /* MaimaiChartStat.swift */ = {isa = PBXFileReference; lastKnownFileType = sourcecode.swift; path = MaimaiChartStat.swift; sourceTree = "<group>"; };
		BFBC5504298D005900A93918 /* SongBasicView.swift */ = {isa = PBXFileReference; lastKnownFileType = sourcecode.swift; path = SongBasicView.swift; sourceTree = "<group>"; };
		BFBC5506298D078000A93918 /* MaimaiListView.swift */ = {isa = PBXFileReference; lastKnownFileType = sourcecode.swift; path = MaimaiListView.swift; sourceTree = "<group>"; };
		BFCA383129770851008E30F1 /* CFQError.swift */ = {isa = PBXFileReference; lastKnownFileType = sourcecode.swift; path = CFQError.swift; sourceTree = "<group>"; };
		BFEB5AE8298937E8005646AA /* ChunithmUserData.swift */ = {isa = PBXFileReference; lastKnownFileType = sourcecode.swift; path = ChunithmUserData.swift; sourceTree = "<group>"; };
		BFEB5AEA29897E1C005646AA /* ChunithmUserScoreData.swift */ = {isa = PBXFileReference; fileEncoding = 4; lastKnownFileType = sourcecode.swift; path = ChunithmUserScoreData.swift; sourceTree = "<group>"; };
		BFECEC6B297D286A00D2F383 /* ChartImageGrabber.swift */ = {isa = PBXFileReference; lastKnownFileType = sourcecode.swift; path = ChartImageGrabber.swift; sourceTree = "<group>"; };
		BFECEC72297D37E600D2F383 /* SongChartView.swift */ = {isa = PBXFileReference; fileEncoding = 4; lastKnownFileType = sourcecode.swift; path = SongChartView.swift; sourceTree = "<group>"; };
		BFEF7EDD298A856E00F87ACC /* ToolView.swift */ = {isa = PBXFileReference; lastKnownFileType = sourcecode.swift; path = ToolView.swift; sourceTree = "<group>"; };
		BFF353BD29681F8D001392E5 /* chafenqi.app */ = {isa = PBXFileReference; explicitFileType = wrapper.application; includeInIndex = 0; path = chafenqi.app; sourceTree = BUILT_PRODUCTS_DIR; };
		BFF353C029681F8D001392E5 /* chafenqiApp.swift */ = {isa = PBXFileReference; lastKnownFileType = sourcecode.swift; path = chafenqiApp.swift; sourceTree = "<group>"; };
		BFF353C229681F8D001392E5 /* MainView.swift */ = {isa = PBXFileReference; lastKnownFileType = sourcecode.swift; path = MainView.swift; sourceTree = "<group>"; };
		BFF353C429681F8E001392E5 /* Assets.xcassets */ = {isa = PBXFileReference; lastKnownFileType = folder.assetcatalog; path = Assets.xcassets; sourceTree = "<group>"; };
		BFF353C729681F8E001392E5 /* Preview Assets.xcassets */ = {isa = PBXFileReference; lastKnownFileType = folder.assetcatalog; path = "Preview Assets.xcassets"; sourceTree = "<group>"; };
		BFF353CD29681F8E001392E5 /* chafenqiTests.xctest */ = {isa = PBXFileReference; explicitFileType = wrapper.cfbundle; includeInIndex = 0; path = chafenqiTests.xctest; sourceTree = BUILT_PRODUCTS_DIR; };
		BFF353D129681F8E001392E5 /* chafenqiTests.swift */ = {isa = PBXFileReference; lastKnownFileType = sourcecode.swift; path = chafenqiTests.swift; sourceTree = "<group>"; };
		BFF353D729681F8E001392E5 /* chafenqiUITests.xctest */ = {isa = PBXFileReference; explicitFileType = wrapper.cfbundle; includeInIndex = 0; path = chafenqiUITests.xctest; sourceTree = BUILT_PRODUCTS_DIR; };
		BFF353DB29681F8E001392E5 /* chafenqiUITests.swift */ = {isa = PBXFileReference; lastKnownFileType = sourcecode.swift; path = chafenqiUITests.swift; sourceTree = "<group>"; };
		BFF353DD29681F8E001392E5 /* chafenqiUITestsLaunchTests.swift */ = {isa = PBXFileReference; lastKnownFileType = sourcecode.swift; path = chafenqiUITestsLaunchTests.swift; sourceTree = "<group>"; };
		BFF353F22968533B001392E5 /* CutCircularProgressView.swift */ = {isa = PBXFileReference; lastKnownFileType = sourcecode.swift; path = CutCircularProgressView.swift; sourceTree = "<group>"; };
/* End PBXFileReference section */

/* Begin PBXFrameworksBuildPhase section */
		BF068F6C2991856F008665E3 /* Frameworks */ = {
			isa = PBXFrameworksBuildPhase;
			buildActionMask = 2147483647;
			files = (
				BF31BCE6299190D500C3AA5D /* NIOTransportServices in Frameworks */,
				BF068F722991856F008665E3 /* NetworkExtension.framework in Frameworks */,
				BF31BCE4299190D100C3AA5D /* NIO in Frameworks */,
				BF31BCEA29919B2600C3AA5D /* NIOHTTP1 in Frameworks */,
			);
			runOnlyForDeploymentPostprocessing = 0;
		};
		BFF353BA29681F8D001392E5 /* Frameworks */ = {
			isa = PBXFrameworksBuildPhase;
			buildActionMask = 2147483647;
			files = (
				BF31BCE2299190CA00C3AA5D /* NIOTransportServices in Frameworks */,
				BFAF5E8E296F25F100A0B771 /* CachedAsyncImage in Frameworks */,
				BF31BCDF2991906700C3AA5D /* NIO in Frameworks */,
			);
			runOnlyForDeploymentPostprocessing = 0;
		};
		BFF353CA29681F8E001392E5 /* Frameworks */ = {
			isa = PBXFrameworksBuildPhase;
			buildActionMask = 2147483647;
			files = (
			);
			runOnlyForDeploymentPostprocessing = 0;
		};
		BFF353D429681F8E001392E5 /* Frameworks */ = {
			isa = PBXFrameworksBuildPhase;
			buildActionMask = 2147483647;
			files = (
			);
			runOnlyForDeploymentPostprocessing = 0;
		};
/* End PBXFrameworksBuildPhase section */

/* Begin PBXGroup section */
		BF02B67A298AC22100F5234E /* CustomView */ = {
			isa = PBXGroup;
			children = (
				BF38089D298916F7008FF936 /* TextInfoView.swift */,
				BFF353F22968533B001392E5 /* CutCircularProgressView.swift */,
				BF0A0BA0298C2D8A008F9700 /* SongCoverView.swift */,
				BFB3A29B298F7BAD00C8C3BF /* LevelBlockView.swift */,
			);
			path = CustomView;
			sourceTree = "<group>";
		};
		BF02B67B298AC23B00F5234E /* ToolboxView */ = {
			isa = PBXGroup;
			children = (
				BF02B678298A96E400F5234E /* BorderCalcView.swift */,
				BF02B67C298AC26300F5234E /* SongRandomizerView.swift */,
			);
			path = ToolboxView;
			sourceTree = "<group>";
		};
		BF068F702991856F008665E3 /* Frameworks */ = {
			isa = PBXGroup;
			children = (
				BF068F712991856F008665E3 /* NetworkExtension.framework */,
			);
			name = Frameworks;
			sourceTree = "<group>";
		};
		BF068F732991856F008665E3 /* updater */ = {
			isa = PBXGroup;
			children = (
				BF56C6FC2992D24F0075BEF9 /* LocalServer */,
				BF068F742991856F008665E3 /* UpdaterTunnelProvider.swift */,
				BF068F762991856F008665E3 /* Info.plist */,
				BF068F772991856F008665E3 /* updater.entitlements */,
			);
			path = updater;
			sourceTree = "<group>";
		};
		BF0A0BA3298C3E6F008F9700 /* Screenshot */ = {
			isa = PBXGroup;
			children = (
				BF0A0BA7298C3E94008F9700 /* detailScreen.png */,
				BF0A0BA6298C3E93008F9700 /* homeScreen.png */,
				BF0A0BA5298C3E93008F9700 /* randomScreen.png */,
				BF0A0BA8298C3E95008F9700 /* searchScreen.png */,
				BF0A0BA4298C3E92008F9700 /* songListScreen.png */,
			);
			path = Screenshot;
			sourceTree = "<group>";
		};
		BF0CFD5F297B26D6003763E2 /* Resource */ = {
			isa = PBXGroup;
			children = (
				BF0CFD60297B26E5003763E2 /* IdMap.json */,
			);
			path = Resource;
			sourceTree = "<group>";
		};
		BF4C0141299223A800AAB11C /* Service */ = {
			isa = PBXGroup;
			children = (
				BF9CEFB92992C03500658724 /* TunnelManagerService.swift */,
			);
			path = Service;
			sourceTree = "<group>";
		};
		BF55004B29818D8D004072A0 /* ScoreView */ = {
			isa = PBXGroup;
			children = (
				BF55004C29818D9D004072A0 /* B30View.swift */,
			);
			path = ScoreView;
			sourceTree = "<group>";
		};
		BF56C6FC2992D24F0075BEF9 /* LocalServer */ = {
			isa = PBXGroup;
			children = (
				BF31BCE7299192CF00C3AA5D /* ChunithmNetHandler.swift */,
				BF31BCD329918AA300C3AA5D /* ProxyServer.swift */,
				BF56C6FD2992E60E0075BEF9 /* ConnectHandler.swift */,
				BFA70A7629936F6F006BD7CC /* GlueHandler.swift */,
			);
			path = LocalServer;
			sourceTree = "<group>";
		};
		BF670DE629781B0E00EA2CBB /* SongView */ = {
			isa = PBXGroup;
			children = (
				BFECEC72297D37E600D2F383 /* SongChartView.swift */,
				BF670DE429781B0100EA2CBB /* ChunithmMiniView.swift */,
				BF0D912D296C4B7F005DC8A3 /* ChunithmDetailView.swift */,
				BFBC5504298D005900A93918 /* SongBasicView.swift */,
				BF4886A5298D841300D7F7D2 /* MaimaiDetailView.swift */,
				BF4886A7298DA4BB00D7F7D2 /* MaimaiMiniView.swift */,
			);
			path = SongView;
			sourceTree = "<group>";
		};
		BF6EB981298A42A2003A5604 /* PanelView */ = {
			isa = PBXGroup;
			children = (
				BF0D912B296C341F005DC8A3 /* SettingsView.swift */,
				BF6EB97F298A429B003A5604 /* FilterPanelView.swift */,
			);
			path = PanelView;
			sourceTree = "<group>";
		};
		BF7E251D296AAAB200169B57 /* Struct */ = {
			isa = PBXGroup;
			children = (
				BFBC54FB298CEB1800A93918 /* Maimai */,
				BFBC54FA298CEB0500A93918 /* Chunithm */,
			);
			path = Struct;
			sourceTree = "<group>";
		};
		BF7E2520296AACE200169B57 /* Helper */ = {
			isa = PBXGroup;
			children = (
				BF7BC69C297C482C003A67B0 /* SongViewModifier.swift */,
				BF0CFD5D297B25E1003763E2 /* ChartIdConverter.swift */,
				BF7E2521296AAD1A00169B57 /* ChunithmDataGrabber.swift */,
				BFBC54F2298CE5F300A93918 /* MaimaiDataGrabber.swift */,
				BF7BC69A297C3365003A67B0 /* DataTool.swift */,
				BFECEC6B297D286A00D2F383 /* ChartImageGrabber.swift */,
			);
			path = Helper;
			sourceTree = "<group>";
		};
		BF9CEFB62992BFD800658724 /* UpdaterView */ = {
			isa = PBXGroup;
			children = (
				BF9CEFB72992C00700658724 /* UpdaterRouterView.swift */,
				BF56C6F82992C72F0075BEF9 /* UpdaterWelcomeView.swift */,
				BF56C6FA2992C9280075BEF9 /* UpdaterMainView.swift */,
			);
			path = UpdaterView;
			sourceTree = "<group>";
		};
		BFBC54FA298CEB0500A93918 /* Chunithm */ = {
			isa = PBXGroup;
			children = (
				BF7E251E296AAACE00169B57 /* ChunithmSongData.swift */,
				BFEB5AEA29897E1C005646AA /* ChunithmUserScoreData.swift */,
				BFEB5AE8298937E8005646AA /* ChunithmUserData.swift */,
			);
			path = Chunithm;
			sourceTree = "<group>";
		};
		BFBC54FB298CEB1800A93918 /* Maimai */ = {
			isa = PBXGroup;
			children = (
				BFBC54FC298CEB2D00A93918 /* MaimaiPlayerProfile.swift */,
				BFBC54FE298CEB4000A93918 /* MaimaiPlayerRecord.swift */,
				BFBC5500298CEB4C00A93918 /* MaimaiSongData.swift */,
				BFBC5502298CEB5700A93918 /* MaimaiChartStat.swift */,
			);
			path = Maimai;
			sourceTree = "<group>";
		};
		BFEF7EDC298A851100F87ACC /* TopView */ = {
			isa = PBXGroup;
			children = (
				BF7E251B296AA9DC00169B57 /* ChunithmListView.swift */,
				BFEF7EDD298A856E00F87ACC /* ToolView.swift */,
				BF7E2517296AA89500169B57 /* ChunithmHomeView.swift */,
				BFBC54F0298CE32A00A93918 /* MaimaiHomeView.swift */,
				BFBC5506298D078000A93918 /* MaimaiListView.swift */,
			);
			path = TopView;
			sourceTree = "<group>";
		};
		BFF353B429681F8D001392E5 = {
			isa = PBXGroup;
			children = (
				BF0A0BAE298C444D008F9700 /* .gitignore */,
				BF0A0BA3298C3E6F008F9700 /* Screenshot */,
				BFF353BF29681F8D001392E5 /* chafenqi */,
				BFF353D029681F8E001392E5 /* chafenqiTests */,
				BFF353DA29681F8E001392E5 /* chafenqiUITests */,
				BF068F732991856F008665E3 /* updater */,
				BF068F702991856F008665E3 /* Frameworks */,
				BFF353BE29681F8D001392E5 /* Products */,
			);
			sourceTree = "<group>";
		};
		BFF353BE29681F8D001392E5 /* Products */ = {
			isa = PBXGroup;
			children = (
				BFF353BD29681F8D001392E5 /* chafenqi.app */,
				BFF353CD29681F8E001392E5 /* chafenqiTests.xctest */,
				BFF353D729681F8E001392E5 /* chafenqiUITests.xctest */,
				BF068F6F2991856F008665E3 /* updater.appex */,
			);
			name = Products;
			sourceTree = "<group>";
		};
		BFF353BF29681F8D001392E5 /* chafenqi */ = {
			isa = PBXGroup;
			children = (
				BF4C0141299223A800AAB11C /* Service */,
				BF068F6A2991855D008665E3 /* chafenqi.entitlements */,
				BF0A0BA2298C372F008F9700 /* Info.plist */,
				BF0CFD5F297B26D6003763E2 /* Resource */,
				BF7E2520296AACE200169B57 /* Helper */,
				BF7E251D296AAAB200169B57 /* Struct */,
				BFF353EB2968324B001392E5 /* App */,
				BFF353EA296831EE001392E5 /* View */,
				BFF353C429681F8E001392E5 /* Assets.xcassets */,
				BFF353C629681F8E001392E5 /* Preview Content */,
			);
			path = chafenqi;
			sourceTree = "<group>";
		};
		BFF353C629681F8E001392E5 /* Preview Content */ = {
			isa = PBXGroup;
			children = (
				BFF353C729681F8E001392E5 /* Preview Assets.xcassets */,
			);
			path = "Preview Content";
			sourceTree = "<group>";
		};
		BFF353D029681F8E001392E5 /* chafenqiTests */ = {
			isa = PBXGroup;
			children = (
				BFF353D129681F8E001392E5 /* chafenqiTests.swift */,
			);
			path = chafenqiTests;
			sourceTree = "<group>";
		};
		BFF353DA29681F8E001392E5 /* chafenqiUITests */ = {
			isa = PBXGroup;
			children = (
				BFF353DB29681F8E001392E5 /* chafenqiUITests.swift */,
				BFF353DD29681F8E001392E5 /* chafenqiUITestsLaunchTests.swift */,
			);
			path = chafenqiUITests;
			sourceTree = "<group>";
		};
		BFF353EA296831EE001392E5 /* View */ = {
			isa = PBXGroup;
			children = (
				BF9CEFB62992BFD800658724 /* UpdaterView */,
				BF02B67B298AC23B00F5234E /* ToolboxView */,
				BF02B67A298AC22100F5234E /* CustomView */,
				BFEF7EDC298A851100F87ACC /* TopView */,
				BF6EB981298A42A2003A5604 /* PanelView */,
				BF55004B29818D8D004072A0 /* ScoreView */,
				BF670DE629781B0E00EA2CBB /* SongView */,
				BFF353C229681F8D001392E5 /* MainView.swift */,
			);
			path = View;
			sourceTree = "<group>";
		};
		BFF353EB2968324B001392E5 /* App */ = {
			isa = PBXGroup;
			children = (
				BFF353C029681F8D001392E5 /* chafenqiApp.swift */,
				BFCA383129770851008E30F1 /* CFQError.swift */,
			);
			path = App;
			sourceTree = "<group>";
		};
/* End PBXGroup section */

/* Begin PBXNativeTarget section */
		BF068F6E2991856F008665E3 /* updater */ = {
			isa = PBXNativeTarget;
			buildConfigurationList = BF068F7B2991856F008665E3 /* Build configuration list for PBXNativeTarget "updater" */;
			buildPhases = (
				BF068F6B2991856F008665E3 /* Sources */,
				BF068F6C2991856F008665E3 /* Frameworks */,
				BF068F6D2991856F008665E3 /* Resources */,
			);
			buildRules = (
			);
			dependencies = (
			);
			name = updater;
			packageProductDependencies = (
				BF31BCE3299190D100C3AA5D /* NIO */,
				BF31BCE5299190D500C3AA5D /* NIOTransportServices */,
				BF31BCE929919B2600C3AA5D /* NIOHTTP1 */,
			);
			productName = updater;
			productReference = BF068F6F2991856F008665E3 /* updater.appex */;
			productType = "com.apple.product-type.app-extension";
		};
		BFF353BC29681F8D001392E5 /* chafenqi */ = {
			isa = PBXNativeTarget;
			buildConfigurationList = BFF353E129681F8E001392E5 /* Build configuration list for PBXNativeTarget "chafenqi" */;
			buildPhases = (
				BFF353B929681F8D001392E5 /* Sources */,
				BFF353BA29681F8D001392E5 /* Frameworks */,
				BFF353BB29681F8D001392E5 /* Resources */,
				BF068F7E2991856F008665E3 /* Embed Foundation Extensions */,
			);
			buildRules = (
			);
			dependencies = (
				BF068F792991856F008665E3 /* PBXTargetDependency */,
			);
			name = chafenqi;
			packageProductDependencies = (
				BFAF5E8D296F25F100A0B771 /* CachedAsyncImage */,
				BF31BCDE2991906700C3AA5D /* NIO */,
				BF31BCE1299190CA00C3AA5D /* NIOTransportServices */,
			);
			productName = chafenqi;
			productReference = BFF353BD29681F8D001392E5 /* chafenqi.app */;
			productType = "com.apple.product-type.application";
		};
		BFF353CC29681F8E001392E5 /* chafenqiTests */ = {
			isa = PBXNativeTarget;
			buildConfigurationList = BFF353E429681F8E001392E5 /* Build configuration list for PBXNativeTarget "chafenqiTests" */;
			buildPhases = (
				BFF353C929681F8E001392E5 /* Sources */,
				BFF353CA29681F8E001392E5 /* Frameworks */,
				BFF353CB29681F8E001392E5 /* Resources */,
			);
			buildRules = (
			);
			dependencies = (
				BFF353CF29681F8E001392E5 /* PBXTargetDependency */,
			);
			name = chafenqiTests;
			productName = chafenqiTests;
			productReference = BFF353CD29681F8E001392E5 /* chafenqiTests.xctest */;
			productType = "com.apple.product-type.bundle.unit-test";
		};
		BFF353D629681F8E001392E5 /* chafenqiUITests */ = {
			isa = PBXNativeTarget;
			buildConfigurationList = BFF353E729681F8E001392E5 /* Build configuration list for PBXNativeTarget "chafenqiUITests" */;
			buildPhases = (
				BFF353D329681F8E001392E5 /* Sources */,
				BFF353D429681F8E001392E5 /* Frameworks */,
				BFF353D529681F8E001392E5 /* Resources */,
			);
			buildRules = (
			);
			dependencies = (
				BFF353D929681F8E001392E5 /* PBXTargetDependency */,
			);
			name = chafenqiUITests;
			productName = chafenqiUITests;
			productReference = BFF353D729681F8E001392E5 /* chafenqiUITests.xctest */;
			productType = "com.apple.product-type.bundle.ui-testing";
		};
/* End PBXNativeTarget section */

/* Begin PBXProject section */
		BFF353B529681F8D001392E5 /* Project object */ = {
			isa = PBXProject;
			attributes = {
				BuildIndependentTargetsInParallel = 1;
				LastSwiftUpdateCheck = 1420;
				LastUpgradeCheck = 1420;
				TargetAttributes = {
					BF068F6E2991856F008665E3 = {
						CreatedOnToolsVersion = 14.2;
					};
					BFF353BC29681F8D001392E5 = {
						CreatedOnToolsVersion = 14.2;
					};
					BFF353CC29681F8E001392E5 = {
						CreatedOnToolsVersion = 14.2;
						TestTargetID = BFF353BC29681F8D001392E5;
					};
					BFF353D629681F8E001392E5 = {
						CreatedOnToolsVersion = 14.2;
						TestTargetID = BFF353BC29681F8D001392E5;
					};
				};
			};
			buildConfigurationList = BFF353B829681F8D001392E5 /* Build configuration list for PBXProject "chafenqi" */;
			compatibilityVersion = "Xcode 14.0";
			developmentRegion = en;
			hasScannedForEncodings = 0;
			knownRegions = (
				en,
				Base,
			);
			mainGroup = BFF353B429681F8D001392E5;
			packageReferences = (
				BFAF5E8C296F25F100A0B771 /* XCRemoteSwiftPackageReference "swiftui-cached-async-image" */,
				BF31BCDD2991906700C3AA5D /* XCRemoteSwiftPackageReference "swift-nio" */,
				BF31BCE0299190CA00C3AA5D /* XCRemoteSwiftPackageReference "swift-nio-transport-services" */,
			);
			productRefGroup = BFF353BE29681F8D001392E5 /* Products */;
			projectDirPath = "";
			projectRoot = "";
			targets = (
				BFF353BC29681F8D001392E5 /* chafenqi */,
				BFF353CC29681F8E001392E5 /* chafenqiTests */,
				BFF353D629681F8E001392E5 /* chafenqiUITests */,
				BF068F6E2991856F008665E3 /* updater */,
			);
		};
/* End PBXProject section */

/* Begin PBXResourcesBuildPhase section */
		BF068F6D2991856F008665E3 /* Resources */ = {
			isa = PBXResourcesBuildPhase;
			buildActionMask = 2147483647;
			files = (
			);
			runOnlyForDeploymentPostprocessing = 0;
		};
		BFF353BB29681F8D001392E5 /* Resources */ = {
			isa = PBXResourcesBuildPhase;
			buildActionMask = 2147483647;
			files = (
				BF0A0BA9298C3E97008F9700 /* songListScreen.png in Resources */,
				BF0A0BAD298C3E97008F9700 /* searchScreen.png in Resources */,
				BF0A0BAA298C3E97008F9700 /* randomScreen.png in Resources */,
				BFF353C829681F8E001392E5 /* Preview Assets.xcassets in Resources */,
				BF0A0BAC298C3E97008F9700 /* detailScreen.png in Resources */,
				BF0CFD61297B26E5003763E2 /* IdMap.json in Resources */,
				BF0A0BAB298C3E97008F9700 /* homeScreen.png in Resources */,
				BF0A0BAF298C444D008F9700 /* .gitignore in Resources */,
				BFF353C529681F8E001392E5 /* Assets.xcassets in Resources */,
			);
			runOnlyForDeploymentPostprocessing = 0;
		};
		BFF353CB29681F8E001392E5 /* Resources */ = {
			isa = PBXResourcesBuildPhase;
			buildActionMask = 2147483647;
			files = (
			);
			runOnlyForDeploymentPostprocessing = 0;
		};
		BFF353D529681F8E001392E5 /* Resources */ = {
			isa = PBXResourcesBuildPhase;
			buildActionMask = 2147483647;
			files = (
			);
			runOnlyForDeploymentPostprocessing = 0;
		};
/* End PBXResourcesBuildPhase section */

/* Begin PBXSourcesBuildPhase section */
		BF068F6B2991856F008665E3 /* Sources */ = {
			isa = PBXSourcesBuildPhase;
			buildActionMask = 2147483647;
			files = (
				BFA70A7729936F6F006BD7CC /* GlueHandler.swift in Sources */,
				BF068F752991856F008665E3 /* UpdaterTunnelProvider.swift in Sources */,
				BF31BCD429918AA300C3AA5D /* ProxyServer.swift in Sources */,
				BF31BCE8299192D000C3AA5D /* ChunithmNetHandler.swift in Sources */,
				BF56C6FE2992E60E0075BEF9 /* ConnectHandler.swift in Sources */,
			);
			runOnlyForDeploymentPostprocessing = 0;
		};
		BFF353B929681F8D001392E5 /* Sources */ = {
			isa = PBXSourcesBuildPhase;
			buildActionMask = 2147483647;
			files = (
				BFCA383229770851008E30F1 /* CFQError.swift in Sources */,
				BF6EB980298A429B003A5604 /* FilterPanelView.swift in Sources */,
				BFBC54F3298CE5F300A93918 /* MaimaiDataGrabber.swift in Sources */,
				BF02B67D298AC26300F5234E /* SongRandomizerView.swift in Sources */,
				BFECEC73297D37E600D2F383 /* SongChartView.swift in Sources */,
				BF56C6FB2992C9280075BEF9 /* UpdaterMainView.swift in Sources */,
				BF0A0BA1298C2D8A008F9700 /* SongCoverView.swift in Sources */,
				BF56C6F92992C72F0075BEF9 /* UpdaterWelcomeView.swift in Sources */,
				BF7E251F296AAACE00169B57 /* ChunithmSongData.swift in Sources */,
				BFF353F32968533B001392E5 /* CutCircularProgressView.swift in Sources */,
				BFBC54FF298CEB4000A93918 /* MaimaiPlayerRecord.swift in Sources */,
				BFEF7EDE298A856E00F87ACC /* ToolView.swift in Sources */,
				BFBC54FD298CEB2D00A93918 /* MaimaiPlayerProfile.swift in Sources */,
				BFBC5503298CEB5700A93918 /* MaimaiChartStat.swift in Sources */,
				BF4886A8298DA4BB00D7F7D2 /* MaimaiMiniView.swift in Sources */,
				BFBC5501298CEB4C00A93918 /* MaimaiSongData.swift in Sources */,
				BF7E251C296AA9DC00169B57 /* ChunithmListView.swift in Sources */,
				BFF353C329681F8D001392E5 /* MainView.swift in Sources */,
				BF7E2518296AA89500169B57 /* ChunithmHomeView.swift in Sources */,
				BF0D912C296C341F005DC8A3 /* SettingsView.swift in Sources */,
				BFBC54F1298CE32A00A93918 /* MaimaiHomeView.swift in Sources */,
				BFB3A29C298F7BAD00C8C3BF /* LevelBlockView.swift in Sources */,
				BFBC5505298D005900A93918 /* SongBasicView.swift in Sources */,
				BF55004D29818D9D004072A0 /* B30View.swift in Sources */,
				BF7BC69B297C3365003A67B0 /* DataTool.swift in Sources */,
				BFBC5507298D078000A93918 /* MaimaiListView.swift in Sources */,
				BFECEC6C297D286A00D2F383 /* ChartImageGrabber.swift in Sources */,
				BFEB5AE9298937E8005646AA /* ChunithmUserData.swift in Sources */,
				BF38089E298916F7008FF936 /* TextInfoView.swift in Sources */,
				BF7E2522296AAD1A00169B57 /* ChunithmDataGrabber.swift in Sources */,
				BF670DE529781B0100EA2CBB /* ChunithmMiniView.swift in Sources */,
				BF0CFD5E297B25E1003763E2 /* ChartIdConverter.swift in Sources */,
				BF7BC69D297C482C003A67B0 /* SongViewModifier.swift in Sources */,
				BF9CEFB82992C00700658724 /* UpdaterRouterView.swift in Sources */,
				BF4886A6298D841300D7F7D2 /* MaimaiDetailView.swift in Sources */,
				BF02B679298A96E400F5234E /* BorderCalcView.swift in Sources */,
				BFEB5AEB29897E1C005646AA /* ChunithmUserScoreData.swift in Sources */,
				BF9CEFBA2992C03500658724 /* TunnelManagerService.swift in Sources */,
				BF0D912E296C4B7F005DC8A3 /* ChunithmDetailView.swift in Sources */,
				BFF353C129681F8D001392E5 /* chafenqiApp.swift in Sources */,
			);
			runOnlyForDeploymentPostprocessing = 0;
		};
		BFF353C929681F8E001392E5 /* Sources */ = {
			isa = PBXSourcesBuildPhase;
			buildActionMask = 2147483647;
			files = (
				BFF353D229681F8E001392E5 /* chafenqiTests.swift in Sources */,
			);
			runOnlyForDeploymentPostprocessing = 0;
		};
		BFF353D329681F8E001392E5 /* Sources */ = {
			isa = PBXSourcesBuildPhase;
			buildActionMask = 2147483647;
			files = (
				BFF353DE29681F8E001392E5 /* chafenqiUITestsLaunchTests.swift in Sources */,
				BFF353DC29681F8E001392E5 /* chafenqiUITests.swift in Sources */,
			);
			runOnlyForDeploymentPostprocessing = 0;
		};
/* End PBXSourcesBuildPhase section */

/* Begin PBXTargetDependency section */
		BF068F792991856F008665E3 /* PBXTargetDependency */ = {
			isa = PBXTargetDependency;
			target = BF068F6E2991856F008665E3 /* updater */;
			targetProxy = BF068F782991856F008665E3 /* PBXContainerItemProxy */;
		};
		BFF353CF29681F8E001392E5 /* PBXTargetDependency */ = {
			isa = PBXTargetDependency;
			target = BFF353BC29681F8D001392E5 /* chafenqi */;
			targetProxy = BFF353CE29681F8E001392E5 /* PBXContainerItemProxy */;
		};
		BFF353D929681F8E001392E5 /* PBXTargetDependency */ = {
			isa = PBXTargetDependency;
			target = BFF353BC29681F8D001392E5 /* chafenqi */;
			targetProxy = BFF353D829681F8E001392E5 /* PBXContainerItemProxy */;
		};
/* End PBXTargetDependency section */

/* Begin XCBuildConfiguration section */
		BF068F7C2991856F008665E3 /* Debug */ = {
			isa = XCBuildConfiguration;
			buildSettings = {
				CODE_SIGN_ENTITLEMENTS = updater/updater.entitlements;
				CODE_SIGN_IDENTITY = "Apple Development";
				CODE_SIGN_STYLE = Automatic;
				CURRENT_PROJECT_VERSION = 74;
				DEVELOPMENT_TEAM = CYVRCL87U4;
				GENERATE_INFOPLIST_FILE = YES;
				INFOPLIST_FILE = updater/Info.plist;
				INFOPLIST_KEY_CFBundleDisplayName = updater;
				INFOPLIST_KEY_NSHumanReadableCopyright = "";
				IPHONEOS_DEPLOYMENT_TARGET = 15.0;
				LD_RUNPATH_SEARCH_PATHS = (
					"$(inherited)",
					"@executable_path/Frameworks",
					"@executable_path/../../Frameworks",
				);
				MARKETING_VERSION = 1.1.0;
				PRODUCT_BUNDLE_IDENTIFIER = com.nltv.chafenqi.updater;
				PRODUCT_NAME = "$(TARGET_NAME)";
				SKIP_INSTALL = YES;
				SWIFT_EMIT_LOC_STRINGS = YES;
				SWIFT_VERSION = 5.0;
				TARGETED_DEVICE_FAMILY = "1,2";
			};
			name = Debug;
		};
		BF068F7D2991856F008665E3 /* Release */ = {
			isa = XCBuildConfiguration;
			buildSettings = {
				CODE_SIGN_ENTITLEMENTS = updater/updater.entitlements;
				CODE_SIGN_IDENTITY = "Apple Development";
				CODE_SIGN_STYLE = Automatic;
				CURRENT_PROJECT_VERSION = 74;
				DEVELOPMENT_TEAM = CYVRCL87U4;
				GENERATE_INFOPLIST_FILE = YES;
				INFOPLIST_FILE = updater/Info.plist;
				INFOPLIST_KEY_CFBundleDisplayName = updater;
				INFOPLIST_KEY_NSHumanReadableCopyright = "";
				IPHONEOS_DEPLOYMENT_TARGET = 15.0;
				LD_RUNPATH_SEARCH_PATHS = (
					"$(inherited)",
					"@executable_path/Frameworks",
					"@executable_path/../../Frameworks",
				);
				MARKETING_VERSION = 1.1.0;
				PRODUCT_BUNDLE_IDENTIFIER = com.nltv.chafenqi.updater;
				PRODUCT_NAME = "$(TARGET_NAME)";
				SKIP_INSTALL = YES;
				SWIFT_EMIT_LOC_STRINGS = YES;
				SWIFT_VERSION = 5.0;
				TARGETED_DEVICE_FAMILY = "1,2";
			};
			name = Release;
		};
		BFF353DF29681F8E001392E5 /* Debug */ = {
			isa = XCBuildConfiguration;
			buildSettings = {
				ALWAYS_SEARCH_USER_PATHS = NO;
				CLANG_ANALYZER_NONNULL = YES;
				CLANG_ANALYZER_NUMBER_OBJECT_CONVERSION = YES_AGGRESSIVE;
				CLANG_CXX_LANGUAGE_STANDARD = "gnu++20";
				CLANG_ENABLE_MODULES = YES;
				CLANG_ENABLE_OBJC_ARC = YES;
				CLANG_ENABLE_OBJC_WEAK = YES;
				CLANG_WARN_BLOCK_CAPTURE_AUTORELEASING = YES;
				CLANG_WARN_BOOL_CONVERSION = YES;
				CLANG_WARN_COMMA = YES;
				CLANG_WARN_CONSTANT_CONVERSION = YES;
				CLANG_WARN_DEPRECATED_OBJC_IMPLEMENTATIONS = YES;
				CLANG_WARN_DIRECT_OBJC_ISA_USAGE = YES_ERROR;
				CLANG_WARN_DOCUMENTATION_COMMENTS = YES;
				CLANG_WARN_EMPTY_BODY = YES;
				CLANG_WARN_ENUM_CONVERSION = YES;
				CLANG_WARN_INFINITE_RECURSION = YES;
				CLANG_WARN_INT_CONVERSION = YES;
				CLANG_WARN_NON_LITERAL_NULL_CONVERSION = YES;
				CLANG_WARN_OBJC_IMPLICIT_RETAIN_SELF = YES;
				CLANG_WARN_OBJC_LITERAL_CONVERSION = YES;
				CLANG_WARN_OBJC_ROOT_CLASS = YES_ERROR;
				CLANG_WARN_QUOTED_INCLUDE_IN_FRAMEWORK_HEADER = YES;
				CLANG_WARN_RANGE_LOOP_ANALYSIS = YES;
				CLANG_WARN_STRICT_PROTOTYPES = YES;
				CLANG_WARN_SUSPICIOUS_MOVE = YES;
				CLANG_WARN_UNGUARDED_AVAILABILITY = YES_AGGRESSIVE;
				CLANG_WARN_UNREACHABLE_CODE = YES;
				CLANG_WARN__DUPLICATE_METHOD_MATCH = YES;
				COPY_PHASE_STRIP = NO;
				DEBUG_INFORMATION_FORMAT = dwarf;
				ENABLE_STRICT_OBJC_MSGSEND = YES;
				ENABLE_TESTABILITY = YES;
				GCC_C_LANGUAGE_STANDARD = gnu11;
				GCC_DYNAMIC_NO_PIC = NO;
				GCC_NO_COMMON_BLOCKS = YES;
				GCC_OPTIMIZATION_LEVEL = 0;
				GCC_PREPROCESSOR_DEFINITIONS = (
					"DEBUG=1",
					"$(inherited)",
				);
				GCC_WARN_64_TO_32_BIT_CONVERSION = YES;
				GCC_WARN_ABOUT_RETURN_TYPE = YES_ERROR;
				GCC_WARN_UNDECLARED_SELECTOR = YES;
				GCC_WARN_UNINITIALIZED_AUTOS = YES_AGGRESSIVE;
				GCC_WARN_UNUSED_FUNCTION = YES;
				GCC_WARN_UNUSED_VARIABLE = YES;
				IPHONEOS_DEPLOYMENT_TARGET = 15.0;
				MTL_ENABLE_DEBUG_INFO = INCLUDE_SOURCE;
				MTL_FAST_MATH = YES;
				ONLY_ACTIVE_ARCH = YES;
				SDKROOT = iphoneos;
				SWIFT_ACTIVE_COMPILATION_CONDITIONS = DEBUG;
				SWIFT_OPTIMIZATION_LEVEL = "-Onone";
			};
			name = Debug;
		};
		BFF353E029681F8E001392E5 /* Release */ = {
			isa = XCBuildConfiguration;
			buildSettings = {
				ALWAYS_SEARCH_USER_PATHS = NO;
				CLANG_ANALYZER_NONNULL = YES;
				CLANG_ANALYZER_NUMBER_OBJECT_CONVERSION = YES_AGGRESSIVE;
				CLANG_CXX_LANGUAGE_STANDARD = "gnu++20";
				CLANG_ENABLE_MODULES = YES;
				CLANG_ENABLE_OBJC_ARC = YES;
				CLANG_ENABLE_OBJC_WEAK = YES;
				CLANG_WARN_BLOCK_CAPTURE_AUTORELEASING = YES;
				CLANG_WARN_BOOL_CONVERSION = YES;
				CLANG_WARN_COMMA = YES;
				CLANG_WARN_CONSTANT_CONVERSION = YES;
				CLANG_WARN_DEPRECATED_OBJC_IMPLEMENTATIONS = YES;
				CLANG_WARN_DIRECT_OBJC_ISA_USAGE = YES_ERROR;
				CLANG_WARN_DOCUMENTATION_COMMENTS = YES;
				CLANG_WARN_EMPTY_BODY = YES;
				CLANG_WARN_ENUM_CONVERSION = YES;
				CLANG_WARN_INFINITE_RECURSION = YES;
				CLANG_WARN_INT_CONVERSION = YES;
				CLANG_WARN_NON_LITERAL_NULL_CONVERSION = YES;
				CLANG_WARN_OBJC_IMPLICIT_RETAIN_SELF = YES;
				CLANG_WARN_OBJC_LITERAL_CONVERSION = YES;
				CLANG_WARN_OBJC_ROOT_CLASS = YES_ERROR;
				CLANG_WARN_QUOTED_INCLUDE_IN_FRAMEWORK_HEADER = YES;
				CLANG_WARN_RANGE_LOOP_ANALYSIS = YES;
				CLANG_WARN_STRICT_PROTOTYPES = YES;
				CLANG_WARN_SUSPICIOUS_MOVE = YES;
				CLANG_WARN_UNGUARDED_AVAILABILITY = YES_AGGRESSIVE;
				CLANG_WARN_UNREACHABLE_CODE = YES;
				CLANG_WARN__DUPLICATE_METHOD_MATCH = YES;
				COPY_PHASE_STRIP = NO;
				DEBUG_INFORMATION_FORMAT = "dwarf-with-dsym";
				ENABLE_NS_ASSERTIONS = NO;
				ENABLE_STRICT_OBJC_MSGSEND = YES;
				GCC_C_LANGUAGE_STANDARD = gnu11;
				GCC_NO_COMMON_BLOCKS = YES;
				GCC_WARN_64_TO_32_BIT_CONVERSION = YES;
				GCC_WARN_ABOUT_RETURN_TYPE = YES_ERROR;
				GCC_WARN_UNDECLARED_SELECTOR = YES;
				GCC_WARN_UNINITIALIZED_AUTOS = YES_AGGRESSIVE;
				GCC_WARN_UNUSED_FUNCTION = YES;
				GCC_WARN_UNUSED_VARIABLE = YES;
				IPHONEOS_DEPLOYMENT_TARGET = 15.0;
				MTL_ENABLE_DEBUG_INFO = NO;
				MTL_FAST_MATH = YES;
				SDKROOT = iphoneos;
				SWIFT_COMPILATION_MODE = wholemodule;
				SWIFT_OPTIMIZATION_LEVEL = "-O";
				VALIDATE_PRODUCT = YES;
			};
			name = Release;
		};
		BFF353E229681F8E001392E5 /* Debug */ = {
			isa = XCBuildConfiguration;
			buildSettings = {
				ALWAYS_EMBED_SWIFT_STANDARD_LIBRARIES = YES;
				ASSETCATALOG_COMPILER_APPICON_NAME = AppIcon;
				ASSETCATALOG_COMPILER_GLOBAL_ACCENT_COLOR_NAME = AccentColor;
				CODE_SIGN_ENTITLEMENTS = chafenqi/chafenqi.entitlements;
				CODE_SIGN_IDENTITY = "Apple Development";
				CODE_SIGN_STYLE = Automatic;
				CURRENT_PROJECT_VERSION = 74;
				DEVELOPMENT_ASSET_PATHS = "\"chafenqi/Preview Content\"";
				DEVELOPMENT_TEAM = CYVRCL87U4;
				ENABLE_PREVIEWS = YES;
				GENERATE_INFOPLIST_FILE = YES;
				INFOPLIST_FILE = chafenqi/Info.plist;
				INFOPLIST_KEY_CFBundleDisplayName = "查分器NEW";
				INFOPLIST_KEY_LSApplicationCategoryType = "public.app-category.utilities";
				INFOPLIST_KEY_UIApplicationSceneManifest_Generation = YES;
				INFOPLIST_KEY_UIApplicationSupportsIndirectInputEvents = YES;
				INFOPLIST_KEY_UILaunchScreen_Generation = YES;
				INFOPLIST_KEY_UISupportedInterfaceOrientations = UIInterfaceOrientationPortrait;
				IPHONEOS_DEPLOYMENT_TARGET = 15.0;
				LD_RUNPATH_SEARCH_PATHS = (
					"$(inherited)",
					"@executable_path/Frameworks",
				);
				MARKETING_VERSION = 1.1.0;
				PRODUCT_BUNDLE_IDENTIFIER = com.nltv.chafenqi;
				PRODUCT_NAME = "$(TARGET_NAME)";
				PROVISIONING_PROFILE_SPECIFIER = "";
				SWIFT_EMIT_LOC_STRINGS = YES;
				SWIFT_VERSION = 5.0;
				TARGETED_DEVICE_FAMILY = "1,2";
			};
			name = Debug;
		};
		BFF353E329681F8E001392E5 /* Release */ = {
			isa = XCBuildConfiguration;
			buildSettings = {
				ALWAYS_EMBED_SWIFT_STANDARD_LIBRARIES = YES;
				ASSETCATALOG_COMPILER_APPICON_NAME = AppIcon;
				ASSETCATALOG_COMPILER_GLOBAL_ACCENT_COLOR_NAME = AccentColor;
				CODE_SIGN_ENTITLEMENTS = chafenqi/chafenqi.entitlements;
				CODE_SIGN_IDENTITY = "Apple Development";
				CODE_SIGN_STYLE = Automatic;
				CURRENT_PROJECT_VERSION = 74;
				DEVELOPMENT_ASSET_PATHS = "\"chafenqi/Preview Content\"";
				DEVELOPMENT_TEAM = CYVRCL87U4;
				ENABLE_PREVIEWS = YES;
				GENERATE_INFOPLIST_FILE = YES;
				INFOPLIST_FILE = chafenqi/Info.plist;
				INFOPLIST_KEY_CFBundleDisplayName = "查分器NEW";
				INFOPLIST_KEY_LSApplicationCategoryType = "public.app-category.utilities";
				INFOPLIST_KEY_UIApplicationSceneManifest_Generation = YES;
				INFOPLIST_KEY_UIApplicationSupportsIndirectInputEvents = YES;
				INFOPLIST_KEY_UILaunchScreen_Generation = YES;
				INFOPLIST_KEY_UISupportedInterfaceOrientations = UIInterfaceOrientationPortrait;
				IPHONEOS_DEPLOYMENT_TARGET = 15.0;
				LD_RUNPATH_SEARCH_PATHS = (
					"$(inherited)",
					"@executable_path/Frameworks",
				);
				MARKETING_VERSION = 1.1.0;
				PRODUCT_BUNDLE_IDENTIFIER = com.nltv.chafenqi;
				PRODUCT_NAME = "$(TARGET_NAME)";
				PROVISIONING_PROFILE_SPECIFIER = "";
				SWIFT_EMIT_LOC_STRINGS = YES;
				SWIFT_VERSION = 5.0;
				TARGETED_DEVICE_FAMILY = "1,2";
			};
			name = Release;
		};
		BFF353E529681F8E001392E5 /* Debug */ = {
			isa = XCBuildConfiguration;
			buildSettings = {
				ALWAYS_EMBED_SWIFT_STANDARD_LIBRARIES = YES;
				BUNDLE_LOADER = "$(TEST_HOST)";
				CODE_SIGN_STYLE = Automatic;
				CURRENT_PROJECT_VERSION = 8;
				DEVELOPMENT_TEAM = CYVRCL87U4;
				GENERATE_INFOPLIST_FILE = YES;
				IPHONEOS_DEPLOYMENT_TARGET = 16.2;
				MARKETING_VERSION = 1.0;
				PRODUCT_BUNDLE_IDENTIFIER = org.nltv.chafenqiTests;
				PRODUCT_NAME = "$(TARGET_NAME)";
				SWIFT_EMIT_LOC_STRINGS = NO;
				SWIFT_VERSION = 5.0;
				TARGETED_DEVICE_FAMILY = "1,2";
				TEST_HOST = "$(BUILT_PRODUCTS_DIR)/chafenqi.app/$(BUNDLE_EXECUTABLE_FOLDER_PATH)/chafenqi";
			};
			name = Debug;
		};
		BFF353E629681F8E001392E5 /* Release */ = {
			isa = XCBuildConfiguration;
			buildSettings = {
				ALWAYS_EMBED_SWIFT_STANDARD_LIBRARIES = YES;
				BUNDLE_LOADER = "$(TEST_HOST)";
				CODE_SIGN_STYLE = Automatic;
				CURRENT_PROJECT_VERSION = 8;
				DEVELOPMENT_TEAM = CYVRCL87U4;
				GENERATE_INFOPLIST_FILE = YES;
				IPHONEOS_DEPLOYMENT_TARGET = 16.2;
				MARKETING_VERSION = 1.0;
				PRODUCT_BUNDLE_IDENTIFIER = org.nltv.chafenqiTests;
				PRODUCT_NAME = "$(TARGET_NAME)";
				SWIFT_EMIT_LOC_STRINGS = NO;
				SWIFT_VERSION = 5.0;
				TARGETED_DEVICE_FAMILY = "1,2";
				TEST_HOST = "$(BUILT_PRODUCTS_DIR)/chafenqi.app/$(BUNDLE_EXECUTABLE_FOLDER_PATH)/chafenqi";
			};
			name = Release;
		};
		BFF353E829681F8E001392E5 /* Debug */ = {
			isa = XCBuildConfiguration;
			buildSettings = {
				ALWAYS_EMBED_SWIFT_STANDARD_LIBRARIES = YES;
				CODE_SIGN_STYLE = Automatic;
				CURRENT_PROJECT_VERSION = 8;
				DEVELOPMENT_TEAM = CYVRCL87U4;
				GENERATE_INFOPLIST_FILE = YES;
				MARKETING_VERSION = 1.0;
				PRODUCT_BUNDLE_IDENTIFIER = org.nltv.chafenqiUITests;
				PRODUCT_NAME = "$(TARGET_NAME)";
				SWIFT_EMIT_LOC_STRINGS = NO;
				SWIFT_VERSION = 5.0;
				TARGETED_DEVICE_FAMILY = "1,2";
				TEST_TARGET_NAME = chafenqi;
			};
			name = Debug;
		};
		BFF353E929681F8E001392E5 /* Release */ = {
			isa = XCBuildConfiguration;
			buildSettings = {
				ALWAYS_EMBED_SWIFT_STANDARD_LIBRARIES = YES;
				CODE_SIGN_STYLE = Automatic;
				CURRENT_PROJECT_VERSION = 8;
				DEVELOPMENT_TEAM = CYVRCL87U4;
				GENERATE_INFOPLIST_FILE = YES;
				MARKETING_VERSION = 1.0;
				PRODUCT_BUNDLE_IDENTIFIER = org.nltv.chafenqiUITests;
				PRODUCT_NAME = "$(TARGET_NAME)";
				SWIFT_EMIT_LOC_STRINGS = NO;
				SWIFT_VERSION = 5.0;
				TARGETED_DEVICE_FAMILY = "1,2";
				TEST_TARGET_NAME = chafenqi;
			};
			name = Release;
		};
/* End XCBuildConfiguration section */

/* Begin XCConfigurationList section */
		BF068F7B2991856F008665E3 /* Build configuration list for PBXNativeTarget "updater" */ = {
			isa = XCConfigurationList;
			buildConfigurations = (
				BF068F7C2991856F008665E3 /* Debug */,
				BF068F7D2991856F008665E3 /* Release */,
			);
			defaultConfigurationIsVisible = 0;
			defaultConfigurationName = Release;
		};
		BFF353B829681F8D001392E5 /* Build configuration list for PBXProject "chafenqi" */ = {
			isa = XCConfigurationList;
			buildConfigurations = (
				BFF353DF29681F8E001392E5 /* Debug */,
				BFF353E029681F8E001392E5 /* Release */,
			);
			defaultConfigurationIsVisible = 0;
			defaultConfigurationName = Release;
		};
		BFF353E129681F8E001392E5 /* Build configuration list for PBXNativeTarget "chafenqi" */ = {
			isa = XCConfigurationList;
			buildConfigurations = (
				BFF353E229681F8E001392E5 /* Debug */,
				BFF353E329681F8E001392E5 /* Release */,
			);
			defaultConfigurationIsVisible = 0;
			defaultConfigurationName = Release;
		};
		BFF353E429681F8E001392E5 /* Build configuration list for PBXNativeTarget "chafenqiTests" */ = {
			isa = XCConfigurationList;
			buildConfigurations = (
				BFF353E529681F8E001392E5 /* Debug */,
				BFF353E629681F8E001392E5 /* Release */,
			);
			defaultConfigurationIsVisible = 0;
			defaultConfigurationName = Release;
		};
		BFF353E729681F8E001392E5 /* Build configuration list for PBXNativeTarget "chafenqiUITests" */ = {
			isa = XCConfigurationList;
			buildConfigurations = (
				BFF353E829681F8E001392E5 /* Debug */,
				BFF353E929681F8E001392E5 /* Release */,
			);
			defaultConfigurationIsVisible = 0;
			defaultConfigurationName = Release;
		};
/* End XCConfigurationList section */

/* Begin XCRemoteSwiftPackageReference section */
		BF31BCDD2991906700C3AA5D /* XCRemoteSwiftPackageReference "swift-nio" */ = {
			isa = XCRemoteSwiftPackageReference;
			repositoryURL = "https://github.com/apple/swift-nio.git";
			requirement = {
				kind = upToNextMajorVersion;
				minimumVersion = 2.0.0;
			};
		};
		BF31BCE0299190CA00C3AA5D /* XCRemoteSwiftPackageReference "swift-nio-transport-services" */ = {
			isa = XCRemoteSwiftPackageReference;
			repositoryURL = "https://github.com/apple/swift-nio-transport-services.git";
			requirement = {
				kind = upToNextMajorVersion;
				minimumVersion = 1.0.0;
			};
		};
		BFAF5E8C296F25F100A0B771 /* XCRemoteSwiftPackageReference "swiftui-cached-async-image" */ = {
			isa = XCRemoteSwiftPackageReference;
			repositoryURL = "https://github.com/lorenzofiamingo/swiftui-cached-async-image";
			requirement = {
				kind = upToNextMajorVersion;
				minimumVersion = 2.0.0;
			};
		};
/* End XCRemoteSwiftPackageReference section */

/* Begin XCSwiftPackageProductDependency section */
		BF31BCDE2991906700C3AA5D /* NIO */ = {
			isa = XCSwiftPackageProductDependency;
			package = BF31BCDD2991906700C3AA5D /* XCRemoteSwiftPackageReference "swift-nio" */;
			productName = NIO;
		};
		BF31BCE1299190CA00C3AA5D /* NIOTransportServices */ = {
			isa = XCSwiftPackageProductDependency;
			package = BF31BCE0299190CA00C3AA5D /* XCRemoteSwiftPackageReference "swift-nio-transport-services" */;
			productName = NIOTransportServices;
		};
		BF31BCE3299190D100C3AA5D /* NIO */ = {
			isa = XCSwiftPackageProductDependency;
			package = BF31BCDD2991906700C3AA5D /* XCRemoteSwiftPackageReference "swift-nio" */;
			productName = NIO;
		};
		BF31BCE5299190D500C3AA5D /* NIOTransportServices */ = {
			isa = XCSwiftPackageProductDependency;
			package = BF31BCE0299190CA00C3AA5D /* XCRemoteSwiftPackageReference "swift-nio-transport-services" */;
			productName = NIOTransportServices;
		};
		BF31BCE929919B2600C3AA5D /* NIOHTTP1 */ = {
			isa = XCSwiftPackageProductDependency;
			package = BF31BCDD2991906700C3AA5D /* XCRemoteSwiftPackageReference "swift-nio" */;
			productName = NIOHTTP1;
		};
		BFAF5E8D296F25F100A0B771 /* CachedAsyncImage */ = {
			isa = XCSwiftPackageProductDependency;
			package = BFAF5E8C296F25F100A0B771 /* XCRemoteSwiftPackageReference "swiftui-cached-async-image" */;
			productName = CachedAsyncImage;
		};
/* End XCSwiftPackageProductDependency section */
	};
	rootObject = BFF353B529681F8D001392E5 /* Project object */;
}
